
Microsoft Visual Studio Solution File, Format Version 12.00
# Visual Studio Version 16
VisualStudioVersion = 16.0.32228.343
MinimumVisualStudioVersion = 10.0.40219.1
Project("{FAE04EC0-301F-11D3-BF4B-00C04F79EFBC}") = "eTickets", "eTickets\eTickets.csproj", "{145AB747-B57D-4139-9B63-A0C6350C80C4}"
EndProject
Global
	GlobalSection(SolutionConfigurationPlatforms) = preSolution
		Debug|Any CPU = Debug|Any CPU
		Release|Any CPU = Release|Any CPU
	EndGlobalSection
	GlobalSection(ProjectConfigurationPlatforms) = postSolution
		{145AB747-B57D-4139-9B63-A0C6350C80C4}.Debug|Any CPU.ActiveCfg = Debug|Any CPU
		{145AB747-B57D-4139-9B63-A0C6350C80C4}.Debug|Any CPU.Build.0 = Debug|Any CPU
		{145AB747-B57D-4139-9B63-A0C6350C80C4}.Release|Any CPU.ActiveCfg = Release|Any CPU
		{145AB747-B57D-4139-9B63-A0C6350C80C4}.Release|Any CPU.Build.0 = Release|Any CPU
	EndGlobalSection
	GlobalSection(SolutionProperties) = preSolution
		HideSolutionNode = FALSE
	EndGlobalSection
	GlobalSection(ExtensibilityGlobals) = postSolution
		SolutionGuid = {89A04666-17EA-4F26-A8FE-EB326172914C}
	EndGlobalSection
EndGlobal
